
Microsoft Visual Studio Solution File, Format Version 12.00
# Visual Studio 15
VisualStudioVersion = 15.0.27130.2010
MinimumVisualStudioVersion = 10.0.40219.1
Project("{FAE04EC0-301F-11D3-BF4B-00C04F79EFBC}") = "LeWhite", "LeWhite\LeWhite.csproj", "{12BDC014-A996-4159-A271-23F7F95EAC50}"
EndProject
Global
	GlobalSection(SolutionConfigurationPlatforms) = preSolution
		Debug|Any CPU = Debug|Any CPU
		Release|Any CPU = Release|Any CPU
	EndGlobalSection
	GlobalSection(ProjectConfigurationPlatforms) = postSolution
		{12BDC014-A996-4159-A271-23F7F95EAC50}.Debug|Any CPU.ActiveCfg = Debug|Any CPU
		{12BDC014-A996-4159-A271-23F7F95EAC50}.Debug|Any CPU.Build.0 = Debug|Any CPU
		{12BDC014-A996-4159-A271-23F7F95EAC50}.Release|Any CPU.ActiveCfg = Release|Any CPU
		{12BDC014-A996-4159-A271-23F7F95EAC50}.Release|Any CPU.Build.0 = Release|Any CPU
	EndGlobalSection
	GlobalSection(SolutionProperties) = preSolution
		HideSolutionNode = FALSE
	EndGlobalSection
	GlobalSection(ExtensibilityGlobals) = postSolution
		SolutionGuid = {ADDA9706-7B31-489A-BC08-5FF58D268817}
	EndGlobalSection
EndGlobal
